// !$*UTF8*$!
{
	archiveVersion = 1;
	classes = {
	};
	objectVersion = 50;
	objects = {

/* Begin PBXBuildFile section */
		146CE92826CAEAAE0072B603 /* AppDelegate.swift in Sources */ = {isa = PBXBuildFile; fileRef = 146CE92726CAEAAE0072B603 /* AppDelegate.swift */; };
		146CE92A26CAEAAE0072B603 /* SceneDelegate.swift in Sources */ = {isa = PBXBuildFile; fileRef = 146CE92926CAEAAE0072B603 /* SceneDelegate.swift */; };
		146CE93126CAEAAF0072B603 /* Assets.xcassets in Resources */ = {isa = PBXBuildFile; fileRef = 146CE93026CAEAAF0072B603 /* Assets.xcassets */; };
		146CE93426CAEAAF0072B603 /* LaunchScreen.storyboard in Resources */ = {isa = PBXBuildFile; fileRef = 146CE93226CAEAAF0072B603 /* LaunchScreen.storyboard */; };
		146CE94126CAEEDD0072B603 /* MainScreenProtocols.swift in Sources */ = {isa = PBXBuildFile; fileRef = 146CE94026CAEEDD0072B603 /* MainScreenProtocols.swift */; };
		146CE94B26CAEFAD0072B603 /* MainRouter.swift in Sources */ = {isa = PBXBuildFile; fileRef = 146CE94A26CAEFAD0072B603 /* MainRouter.swift */; };
		146CE94E26CAF03E0072B603 /* Todo.swift in Sources */ = {isa = PBXBuildFile; fileRef = 146CE94D26CAF03E0072B603 /* Todo.swift */; };
		146CE95026CAF0EB0072B603 /* MainPresenter.swift in Sources */ = {isa = PBXBuildFile; fileRef = 146CE94F26CAF0EB0072B603 /* MainPresenter.swift */; };
		146CE95226CAF1840072B603 /* MainInteractor.swift in Sources */ = {isa = PBXBuildFile; fileRef = 146CE95126CAF1840072B603 /* MainInteractor.swift */; };
		146CE95426CAF1AB0072B603 /* MainView.swift in Sources */ = {isa = PBXBuildFile; fileRef = 146CE95326CAF1AB0072B603 /* MainView.swift */; };
		146CE95626CAF80A0072B603 /* Constants.swift in Sources */ = {isa = PBXBuildFile; fileRef = 146CE95526CAF80A0072B603 /* Constants.swift */; };
		146CE95926CAF8960072B603 /* Main.storyboard in Resources */ = {isa = PBXBuildFile; fileRef = 146CE95826CAF8960072B603 /* Main.storyboard */; };
		146CE95C26CB02850072B603 /* TodoCell.swift in Sources */ = {isa = PBXBuildFile; fileRef = 146CE95B26CB02850072B603 /* TodoCell.swift */; };
		146CE95E26CB05580072B603 /* ToggleButton.swift in Sources */ = {isa = PBXBuildFile; fileRef = 146CE95D26CB05580072B603 /* ToggleButton.swift */; };
		146CE96026CB12C10072B603 /* Mocks.swift in Sources */ = {isa = PBXBuildFile; fileRef = 146CE95F26CB12C10072B603 /* Mocks.swift */; };
		146CE96226CB1FA80072B603 /* Extensions.swift in Sources */ = {isa = PBXBuildFile; fileRef = 146CE96126CB1FA80072B603 /* Extensions.swift */; };
		146CE96426CB326F0072B603 /* DetailRouter.swift in Sources */ = {isa = PBXBuildFile; fileRef = 146CE96326CB326F0072B603 /* DetailRouter.swift */; };
		146CE96626CB34750072B603 /* DetailView.swift in Sources */ = {isa = PBXBuildFile; fileRef = 146CE96526CB34750072B603 /* DetailView.swift */; };
		146CE96A26CB34910072B603 /* DetailPresenter.swift in Sources */ = {isa = PBXBuildFile; fileRef = 146CE96926CB34910072B603 /* DetailPresenter.swift */; };
		146CE96C26CB5B8E0072B603 /* DetailScreenProtocols.swift in Sources */ = {isa = PBXBuildFile; fileRef = 146CE96B26CB5B8E0072B603 /* DetailScreenProtocols.swift */; };
/* End PBXBuildFile section */

/* Begin PBXFileReference section */
		146CE92426CAEAAE0072B603 /* EasyTodo.app */ = {isa = PBXFileReference; explicitFileType = wrapper.application; includeInIndex = 0; path = EasyTodo.app; sourceTree = BUILT_PRODUCTS_DIR; };
		146CE92726CAEAAE0072B603 /* AppDelegate.swift */ = {isa = PBXFileReference; lastKnownFileType = sourcecode.swift; path = AppDelegate.swift; sourceTree = "<group>"; };
		146CE92926CAEAAE0072B603 /* SceneDelegate.swift */ = {isa = PBXFileReference; lastKnownFileType = sourcecode.swift; path = SceneDelegate.swift; sourceTree = "<group>"; };
		146CE93026CAEAAF0072B603 /* Assets.xcassets */ = {isa = PBXFileReference; lastKnownFileType = folder.assetcatalog; path = Assets.xcassets; sourceTree = "<group>"; };
		146CE93326CAEAAF0072B603 /* Base */ = {isa = PBXFileReference; lastKnownFileType = file.storyboard; name = Base; path = Base.lproj/LaunchScreen.storyboard; sourceTree = "<group>"; };
		146CE93526CAEAAF0072B603 /* Info.plist */ = {isa = PBXFileReference; lastKnownFileType = text.plist.xml; path = Info.plist; sourceTree = "<group>"; };
		146CE94026CAEEDD0072B603 /* MainScreenProtocols.swift */ = {isa = PBXFileReference; lastKnownFileType = sourcecode.swift; path = MainScreenProtocols.swift; sourceTree = "<group>"; };
		146CE94A26CAEFAD0072B603 /* MainRouter.swift */ = {isa = PBXFileReference; lastKnownFileType = sourcecode.swift; path = MainRouter.swift; sourceTree = "<group>"; };
		146CE94D26CAF03E0072B603 /* Todo.swift */ = {isa = PBXFileReference; lastKnownFileType = sourcecode.swift; path = Todo.swift; sourceTree = "<group>"; };
		146CE94F26CAF0EB0072B603 /* MainPresenter.swift */ = {isa = PBXFileReference; lastKnownFileType = sourcecode.swift; path = MainPresenter.swift; sourceTree = "<group>"; };
		146CE95126CAF1840072B603 /* MainInteractor.swift */ = {isa = PBXFileReference; lastKnownFileType = sourcecode.swift; path = MainInteractor.swift; sourceTree = "<group>"; };
		146CE95326CAF1AB0072B603 /* MainView.swift */ = {isa = PBXFileReference; lastKnownFileType = sourcecode.swift; path = MainView.swift; sourceTree = "<group>"; };
		146CE95526CAF80A0072B603 /* Constants.swift */ = {isa = PBXFileReference; lastKnownFileType = sourcecode.swift; path = Constants.swift; sourceTree = "<group>"; };
		146CE95826CAF8960072B603 /* Main.storyboard */ = {isa = PBXFileReference; lastKnownFileType = file.storyboard; path = Main.storyboard; sourceTree = "<group>"; };
		146CE95B26CB02850072B603 /* TodoCell.swift */ = {isa = PBXFileReference; lastKnownFileType = sourcecode.swift; path = TodoCell.swift; sourceTree = "<group>"; };
		146CE95D26CB05580072B603 /* ToggleButton.swift */ = {isa = PBXFileReference; lastKnownFileType = sourcecode.swift; path = ToggleButton.swift; sourceTree = "<group>"; };
		146CE95F26CB12C10072B603 /* Mocks.swift */ = {isa = PBXFileReference; lastKnownFileType = sourcecode.swift; path = Mocks.swift; sourceTree = "<group>"; };
		146CE96126CB1FA80072B603 /* Extensions.swift */ = {isa = PBXFileReference; lastKnownFileType = sourcecode.swift; path = Extensions.swift; sourceTree = "<group>"; };
		146CE96326CB326F0072B603 /* DetailRouter.swift */ = {isa = PBXFileReference; lastKnownFileType = sourcecode.swift; path = DetailRouter.swift; sourceTree = "<group>"; };
		146CE96526CB34750072B603 /* DetailView.swift */ = {isa = PBXFileReference; lastKnownFileType = sourcecode.swift; path = DetailView.swift; sourceTree = "<group>"; };
		146CE96926CB34910072B603 /* DetailPresenter.swift */ = {isa = PBXFileReference; lastKnownFileType = sourcecode.swift; path = DetailPresenter.swift; sourceTree = "<group>"; };
		146CE96B26CB5B8E0072B603 /* DetailScreenProtocols.swift */ = {isa = PBXFileReference; lastKnownFileType = sourcecode.swift; path = DetailScreenProtocols.swift; sourceTree = "<group>"; };
/* End PBXFileReference section */

/* Begin PBXFrameworksBuildPhase section */
		146CE92126CAEAAE0072B603 /* Frameworks */ = {
			isa = PBXFrameworksBuildPhase;
			buildActionMask = 2147483647;
			files = (
			);
			runOnlyForDeploymentPostprocessing = 0;
		};
/* End PBXFrameworksBuildPhase section */

/* Begin PBXGroup section */
		146CE91B26CAEAAE0072B603 = {
			isa = PBXGroup;
			children = (
				146CE92626CAEAAE0072B603 /* Sources */,
				146CE93B26CAEB090072B603 /* Resources */,
				146CE92526CAEAAE0072B603 /* Products */,
			);
			sourceTree = "<group>";
		};
		146CE92526CAEAAE0072B603 /* Products */ = {
			isa = PBXGroup;
			children = (
				146CE92426CAEAAE0072B603 /* EasyTodo.app */,
			);
			name = Products;
			sourceTree = "<group>";
		};
		146CE92626CAEAAE0072B603 /* Sources */ = {
			isa = PBXGroup;
			children = (
				146CE94C26CAF0260072B603 /* Model */,
				146CE93F26CAEEA20072B603 /* Protocols */,
				146CE93C26CAECE00072B603 /* Modules */,
				146CE95A26CB024E0072B603 /* Views */,
				146CE92726CAEAAE0072B603 /* AppDelegate.swift */,
				146CE92926CAEAAE0072B603 /* SceneDelegate.swift */,
			);
			path = Sources;
			sourceTree = "<group>";
		};
		146CE93B26CAEB090072B603 /* Resources */ = {
			isa = PBXGroup;
			children = (
				146CE93526CAEAAF0072B603 /* Info.plist */,
				146CE93026CAEAAF0072B603 /* Assets.xcassets */,
			);
			path = Resources;
			sourceTree = "<group>";
		};
		146CE93C26CAECE00072B603 /* Modules */ = {
			isa = PBXGroup;
			children = (
				146CE93D26CAED2D0072B603 /* Main */,
				146CE93E26CAED360072B603 /* Detail */,
			);
			path = Modules;
			sourceTree = "<group>";
		};
		146CE93D26CAED2D0072B603 /* Main */ = {
			isa = PBXGroup;
			children = (
				146CE95326CAF1AB0072B603 /* MainView.swift */,
				146CE95126CAF1840072B603 /* MainInteractor.swift */,
				146CE94F26CAF0EB0072B603 /* MainPresenter.swift */,
				146CE94A26CAEFAD0072B603 /* MainRouter.swift */,
			);
			path = Main;
			sourceTree = "<group>";
		};
		146CE93E26CAED360072B603 /* Detail */ = {
			isa = PBXGroup;
			children = (
				146CE96526CB34750072B603 /* DetailView.swift */,
				146CE96926CB34910072B603 /* DetailPresenter.swift */,
				146CE96326CB326F0072B603 /* DetailRouter.swift */,
			);
			path = Detail;
			sourceTree = "<group>";
		};
		146CE93F26CAEEA20072B603 /* Protocols */ = {
			isa = PBXGroup;
			children = (
				146CE94026CAEEDD0072B603 /* MainScreenProtocols.swift */,
				146CE96B26CB5B8E0072B603 /* DetailScreenProtocols.swift */,
			);
			path = Protocols;
			sourceTree = "<group>";
		};
		146CE94C26CAF0260072B603 /* Model */ = {
			isa = PBXGroup;
			children = (
				146CE94D26CAF03E0072B603 /* Todo.swift */,
				146CE95526CAF80A0072B603 /* Constants.swift */,
				146CE95F26CB12C10072B603 /* Mocks.swift */,
			);
			path = Model;
			sourceTree = "<group>";
		};
		146CE95726CAF8670072B603 /* Storyboards */ = {
			isa = PBXGroup;
			children = (
				146CE93226CAEAAF0072B603 /* LaunchScreen.storyboard */,
				146CE95826CAF8960072B603 /* Main.storyboard */,
			);
			path = Storyboards;
			sourceTree = "<group>";
		};
		146CE95A26CB024E0072B603 /* Views */ = {
			isa = PBXGroup;
			children = (
				146CE95726CAF8670072B603 /* Storyboards */,
				146CE95B26CB02850072B603 /* TodoCell.swift */,
				146CE95D26CB05580072B603 /* ToggleButton.swift */,
				146CE96126CB1FA80072B603 /* Extensions.swift */,
			);
			path = Views;
			sourceTree = "<group>";
		};
/* End PBXGroup section */

/* Begin PBXNativeTarget section */
		146CE92326CAEAAE0072B603 /* EasyTodo */ = {
			isa = PBXNativeTarget;
			buildConfigurationList = 146CE93826CAEAAF0072B603 /* Build configuration list for PBXNativeTarget "EasyTodo" */;
			buildPhases = (
				146CE92026CAEAAE0072B603 /* Sources */,
				146CE92126CAEAAE0072B603 /* Frameworks */,
				146CE92226CAEAAE0072B603 /* Resources */,
			);
			buildRules = (
			);
			dependencies = (
			);
			name = EasyTodo;
			productName = EasyTodo;
			productReference = 146CE92426CAEAAE0072B603 /* EasyTodo.app */;
			productType = "com.apple.product-type.application";
		};
/* End PBXNativeTarget section */

/* Begin PBXProject section */
		146CE91C26CAEAAE0072B603 /* Project object */ = {
			isa = PBXProject;
			attributes = {
				LastSwiftUpdateCheck = 1250;
				LastUpgradeCheck = 1250;
				TargetAttributes = {
					146CE92326CAEAAE0072B603 = {
						CreatedOnToolsVersion = 12.5.1;
					};
				};
			};
			buildConfigurationList = 146CE91F26CAEAAE0072B603 /* Build configuration list for PBXProject "EasyTodo" */;
			compatibilityVersion = "Xcode 9.3";
			developmentRegion = en;
			hasScannedForEncodings = 0;
			knownRegions = (
				en,
				Base,
			);
			mainGroup = 146CE91B26CAEAAE0072B603;
			productRefGroup = 146CE92526CAEAAE0072B603 /* Products */;
			projectDirPath = "";
			projectRoot = "";
			targets = (
				146CE92326CAEAAE0072B603 /* EasyTodo */,
			);
		};
/* End PBXProject section */

/* Begin PBXResourcesBuildPhase section */
		146CE92226CAEAAE0072B603 /* Resources */ = {
			isa = PBXResourcesBuildPhase;
			buildActionMask = 2147483647;
			files = (
				146CE95926CAF8960072B603 /* Main.storyboard in Resources */,
				146CE93426CAEAAF0072B603 /* LaunchScreen.storyboard in Resources */,
				146CE93126CAEAAF0072B603 /* Assets.xcassets in Resources */,
			);
			runOnlyForDeploymentPostprocessing = 0;
		};
/* End PBXResourcesBuildPhase section */

/* Begin PBXSourcesBuildPhase section */
		146CE92026CAEAAE0072B603 /* Sources */ = {
			isa = PBXSourcesBuildPhase;
			buildActionMask = 2147483647;
			files = (
				146CE92826CAEAAE0072B603 /* AppDelegate.swift in Sources */,
				146CE95426CAF1AB0072B603 /* MainView.swift in Sources */,
				146CE94B26CAEFAD0072B603 /* MainRouter.swift in Sources */,
				146CE95C26CB02850072B603 /* TodoCell.swift in Sources */,
				146CE92A26CAEAAE0072B603 /* SceneDelegate.swift in Sources */,
				146CE96426CB326F0072B603 /* DetailRouter.swift in Sources */,
				146CE94E26CAF03E0072B603 /* Todo.swift in Sources */,
				146CE95026CAF0EB0072B603 /* MainPresenter.swift in Sources */,
				146CE95226CAF1840072B603 /* MainInteractor.swift in Sources */,
				146CE96226CB1FA80072B603 /* Extensions.swift in Sources */,
				146CE95E26CB05580072B603 /* ToggleButton.swift in Sources */,
				146CE94126CAEEDD0072B603 /* MainScreenProtocols.swift in Sources */,
				146CE95626CAF80A0072B603 /* Constants.swift in Sources */,
				146CE96626CB34750072B603 /* DetailView.swift in Sources */,
				146CE96C26CB5B8E0072B603 /* DetailScreenProtocols.swift in Sources */,
				146CE96026CB12C10072B603 /* Mocks.swift in Sources */,
				146CE96A26CB34910072B603 /* DetailPresenter.swift in Sources */,
			);
			runOnlyForDeploymentPostprocessing = 0;
		};
/* End PBXSourcesBuildPhase section */

/* Begin PBXVariantGroup section */
		146CE93226CAEAAF0072B603 /* LaunchScreen.storyboard */ = {
			isa = PBXVariantGroup;
			children = (
				146CE93326CAEAAF0072B603 /* Base */,
			);
			name = LaunchScreen.storyboard;
			sourceTree = "<group>";
		};
/* End PBXVariantGroup section */

/* Begin XCBuildConfiguration section */
		146CE93626CAEAAF0072B603 /* Debug */ = {
			isa = XCBuildConfiguration;
			buildSettings = {
				ALWAYS_SEARCH_USER_PATHS = NO;
				CLANG_ANALYZER_NONNULL = YES;
				CLANG_ANALYZER_NUMBER_OBJECT_CONVERSION = YES_AGGRESSIVE;
				CLANG_CXX_LANGUAGE_STANDARD = "gnu++14";
				CLANG_CXX_LIBRARY = "libc++";
				CLANG_ENABLE_MODULES = YES;
				CLANG_ENABLE_OBJC_ARC = YES;
				CLANG_ENABLE_OBJC_WEAK = YES;
				CLANG_WARN_BLOCK_CAPTURE_AUTORELEASING = YES;
				CLANG_WARN_BOOL_CONVERSION = YES;
				CLANG_WARN_COMMA = YES;
				CLANG_WARN_CONSTANT_CONVERSION = YES;
				CLANG_WARN_DEPRECATED_OBJC_IMPLEMENTATIONS = YES;
				CLANG_WARN_DIRECT_OBJC_ISA_USAGE = YES_ERROR;
				CLANG_WARN_DOCUMENTATION_COMMENTS = YES;
				CLANG_WARN_EMPTY_BODY = YES;
				CLANG_WARN_ENUM_CONVERSION = YES;
				CLANG_WARN_INFINITE_RECURSION = YES;
				CLANG_WARN_INT_CONVERSION = YES;
				CLANG_WARN_NON_LITERAL_NULL_CONVERSION = YES;
				CLANG_WARN_OBJC_IMPLICIT_RETAIN_SELF = YES;
				CLANG_WARN_OBJC_LITERAL_CONVERSION = YES;
				CLANG_WARN_OBJC_ROOT_CLASS = YES_ERROR;
				CLANG_WARN_QUOTED_INCLUDE_IN_FRAMEWORK_HEADER = YES;
				CLANG_WARN_RANGE_LOOP_ANALYSIS = YES;
				CLANG_WARN_STRICT_PROTOTYPES = YES;
				CLANG_WARN_SUSPICIOUS_MOVE = YES;
				CLANG_WARN_UNGUARDED_AVAILABILITY = YES_AGGRESSIVE;
				CLANG_WARN_UNREACHABLE_CODE = YES;
				CLANG_WARN__DUPLICATE_METHOD_MATCH = YES;
				COPY_PHASE_STRIP = NO;
				DEBUG_INFORMATION_FORMAT = dwarf;
				ENABLE_STRICT_OBJC_MSGSEND = YES;
				ENABLE_TESTABILITY = YES;
				GCC_C_LANGUAGE_STANDARD = gnu11;
				GCC_DYNAMIC_NO_PIC = NO;
				GCC_NO_COMMON_BLOCKS = YES;
				GCC_OPTIMIZATION_LEVEL = 0;
				GCC_PREPROCESSOR_DEFINITIONS = (
					"DEBUG=1",
					"$(inherited)",
				);
				GCC_WARN_64_TO_32_BIT_CONVERSION = YES;
				GCC_WARN_ABOUT_RETURN_TYPE = YES_ERROR;
				GCC_WARN_UNDECLARED_SELECTOR = YES;
				GCC_WARN_UNINITIALIZED_AUTOS = YES_AGGRESSIVE;
				GCC_WARN_UNUSED_FUNCTION = YES;
				GCC_WARN_UNUSED_VARIABLE = YES;
				IPHONEOS_DEPLOYMENT_TARGET = 14.5;
				MTL_ENABLE_DEBUG_INFO = INCLUDE_SOURCE;
				MTL_FAST_MATH = YES;
				ONLY_ACTIVE_ARCH = YES;
				SDKROOT = iphoneos;
				SWIFT_ACTIVE_COMPILATION_CONDITIONS = DEBUG;
				SWIFT_OPTIMIZATION_LEVEL = "-Onone";
			};
			name = Debug;
		};
		146CE93726CAEAAF0072B603 /* Release */ = {
			isa = XCBuildConfiguration;
			buildSettings = {
				ALWAYS_SEARCH_USER_PATHS = NO;
				CLANG_ANALYZER_NONNULL = YES;
				CLANG_ANALYZER_NUMBER_OBJECT_CONVERSION = YES_AGGRESSIVE;
				CLANG_CXX_LANGUAGE_STANDARD = "gnu++14";
				CLANG_CXX_LIBRARY = "libc++";
				CLANG_ENABLE_MODULES = YES;
				CLANG_ENABLE_OBJC_ARC = YES;
				CLANG_ENABLE_OBJC_WEAK = YES;
				CLANG_WARN_BLOCK_CAPTURE_AUTORELEASING = YES;
				CLANG_WARN_BOOL_CONVERSION = YES;
				CLANG_WARN_COMMA = YES;
				CLANG_WARN_CONSTANT_CONVERSION = YES;
				CLANG_WARN_DEPRECATED_OBJC_IMPLEMENTATIONS = YES;
				CLANG_WARN_DIRECT_OBJC_ISA_USAGE = YES_ERROR;
				CLANG_WARN_DOCUMENTATION_COMMENTS = YES;
				CLANG_WARN_EMPTY_BODY = YES;
				CLANG_WARN_ENUM_CONVERSION = YES;
				CLANG_WARN_INFINITE_RECURSION = YES;
				CLANG_WARN_INT_CONVERSION = YES;
				CLANG_WARN_NON_LITERAL_NULL_CONVERSION = YES;
				CLANG_WARN_OBJC_IMPLICIT_RETAIN_SELF = YES;
				CLANG_WARN_OBJC_LITERAL_CONVERSION = YES;
				CLANG_WARN_OBJC_ROOT_CLASS = YES_ERROR;
				CLANG_WARN_QUOTED_INCLUDE_IN_FRAMEWORK_HEADER = YES;
				CLANG_WARN_RANGE_LOOP_ANALYSIS = YES;
				CLANG_WARN_STRICT_PROTOTYPES = YES;
				CLANG_WARN_SUSPICIOUS_MOVE = YES;
				CLANG_WARN_UNGUARDED_AVAILABILITY = YES_AGGRESSIVE;
				CLANG_WARN_UNREACHABLE_CODE = YES;
				CLANG_WARN__DUPLICATE_METHOD_MATCH = YES;
				COPY_PHASE_STRIP = NO;
				DEBUG_INFORMATION_FORMAT = "dwarf-with-dsym";
				ENABLE_NS_ASSERTIONS = NO;
				ENABLE_STRICT_OBJC_MSGSEND = YES;
				GCC_C_LANGUAGE_STANDARD = gnu11;
				GCC_NO_COMMON_BLOCKS = YES;
				GCC_WARN_64_TO_32_BIT_CONVERSION = YES;
				GCC_WARN_ABOUT_RETURN_TYPE = YES_ERROR;
				GCC_WARN_UNDECLARED_SELECTOR = YES;
				GCC_WARN_UNINITIALIZED_AUTOS = YES_AGGRESSIVE;
				GCC_WARN_UNUSED_FUNCTION = YES;
				GCC_WARN_UNUSED_VARIABLE = YES;
				IPHONEOS_DEPLOYMENT_TARGET = 14.5;
				MTL_ENABLE_DEBUG_INFO = NO;
				MTL_FAST_MATH = YES;
				SDKROOT = iphoneos;
				SWIFT_COMPILATION_MODE = wholemodule;
				SWIFT_OPTIMIZATION_LEVEL = "-O";
				VALIDATE_PRODUCT = YES;
			};
			name = Release;
		};
		146CE93926CAEAAF0072B603 /* Debug */ = {
			isa = XCBuildConfiguration;
			buildSettings = {
				ASSETCATALOG_COMPILER_APPICON_NAME = AppIcon;
				ASSETCATALOG_COMPILER_GLOBAL_ACCENT_COLOR_NAME = AccentColor;
				CODE_SIGN_STYLE = Automatic;
				DEVELOPMENT_TEAM = 235K7U278B;
				INFOPLIST_FILE = Resources/Info.plist;
				LD_RUNPATH_SEARCH_PATHS = (
					"$(inherited)",
					"@executable_path/Frameworks",
				);
				PRODUCT_BUNDLE_IDENTIFIER = elysium.EasyTodo;
				PRODUCT_NAME = "$(TARGET_NAME)";
				SWIFT_VERSION = 5.0;
				TARGETED_DEVICE_FAMILY = "1,2";
			};
			name = Debug;
		};
		146CE93A26CAEAAF0072B603 /* Release */ = {
			isa = XCBuildConfiguration;
			buildSettings = {
				ASSETCATALOG_COMPILER_APPICON_NAME = AppIcon;
				ASSETCATALOG_COMPILER_GLOBAL_ACCENT_COLOR_NAME = AccentColor;
				CODE_SIGN_STYLE = Automatic;
				DEVELOPMENT_TEAM = 235K7U278B;
				INFOPLIST_FILE = Resources/Info.plist;
				LD_RUNPATH_SEARCH_PATHS = (
					"$(inherited)",
					"@executable_path/Frameworks",
				);
				PRODUCT_BUNDLE_IDENTIFIER = elysium.EasyTodo;
				PRODUCT_NAME = "$(TARGET_NAME)";
				SWIFT_VERSION = 5.0;
				TARGETED_DEVICE_FAMILY = "1,2";
			};
			name = Release;
		};
/* End XCBuildConfiguration section */

/* Begin XCConfigurationList section */
		146CE91F26CAEAAE0072B603 /* Build configuration list for PBXProject "EasyTodo" */ = {
			isa = XCConfigurationList;
			buildConfigurations = (
				146CE93626CAEAAF0072B603 /* Debug */,
				146CE93726CAEAAF0072B603 /* Release */,
			);
			defaultConfigurationIsVisible = 0;
			defaultConfigurationName = Release;
		};
		146CE93826CAEAAF0072B603 /* Build configuration list for PBXNativeTarget "EasyTodo" */ = {
			isa = XCConfigurationList;
			buildConfigurations = (
				146CE93926CAEAAF0072B603 /* Debug */,
				146CE93A26CAEAAF0072B603 /* Release */,
			);
			defaultConfigurationIsVisible = 0;
			defaultConfigurationName = Release;
		};
/* End XCConfigurationList section */
	};
	rootObject = 146CE91C26CAEAAE0072B603 /* Project object */;
}
